
Microsoft Visual Studio Solution File, Format Version 12.00
# Visual Studio 15
Project("{FAE04EC0-301F-11D3-BF4B-00C04F79EFBC}") = "NeedForSpeed", "NeedForSpeed.csproj", "{9E127D2E-C0D5-4EE5-BEEF-8E3EAA2436D6}"
EndProject
Global
	GlobalSection(SolutionConfigurationPlatforms) = preSolution
		Debug|Any CPU = Debug|Any CPU
		Release|Any CPU = Release|Any CPU
	EndGlobalSection
	GlobalSection(ProjectConfigurationPlatforms) = postSolution
		{9E127D2E-C0D5-4EE5-BEEF-8E3EAA2436D6}.Debug|Any CPU.ActiveCfg = Debug|Any CPU
		{9E127D2E-C0D5-4EE5-BEEF-8E3EAA2436D6}.Debug|Any CPU.Build.0 = Debug|Any CPU
		{9E127D2E-C0D5-4EE5-BEEF-8E3EAA2436D6}.Release|Any CPU.ActiveCfg = Release|Any CPU
		{9E127D2E-C0D5-4EE5-BEEF-8E3EAA2436D6}.Release|Any CPU.Build.0 = Release|Any CPU
	EndGlobalSection
EndGlobal
