
Microsoft Visual Studio Solution File, Format Version 12.00
# Visual Studio 15
Project("{FAE04EC0-301F-11D3-BF4B-00C04F79EFBC}") = "01.Shapes", "01.Shapes\01.Shapes.csproj", "{693F9CBF-2781-4475-89B4-0389F05A491D}"
EndProject
Project("{FAE04EC0-301F-11D3-BF4B-00C04F79EFBC}") = "Cars", "Cars\Cars.csproj", "{99E798A4-3883-44AF-9B26-3AE171EC2AFB}"
EndProject
Project("{FAE04EC0-301F-11D3-BF4B-00C04F79EFBC}") = "PersonInfo", "PersonInfo\PersonInfo.csproj", "{B11C230E-3960-4EE6-BBBA-DDEDDD5D9E58}"
EndProject
Project("{FAE04EC0-301F-11D3-BF4B-00C04F79EFBC}") = "Telephony", "Telephony\Telephony.csproj", "{30374E9C-5FEB-4D97-A997-CEE11D01398C}"
EndProject
Project("{FAE04EC0-301F-11D3-BF4B-00C04F79EFBC}") = "04.BorderControl", "04.BorderControl\04.BorderControl.csproj", "{59271026-9702-4C26-B436-35486296A924}"
EndProject
Project("{FAE04EC0-301F-11D3-BF4B-00C04F79EFBC}") = "05.BirthdayCelebrations", "05.BirthdayCelebrations\05.BirthdayCelebrations.csproj", "{6A589700-D362-4CD2-912B-1658ABC631AF}"
EndProject
Global
	GlobalSection(SolutionConfigurationPlatforms) = preSolution
		Debug|Any CPU = Debug|Any CPU
		Release|Any CPU = Release|Any CPU
	EndGlobalSection
	GlobalSection(ProjectConfigurationPlatforms) = postSolution
		{693F9CBF-2781-4475-89B4-0389F05A491D}.Debug|Any CPU.ActiveCfg = Debug|Any CPU
		{693F9CBF-2781-4475-89B4-0389F05A491D}.Debug|Any CPU.Build.0 = Debug|Any CPU
		{693F9CBF-2781-4475-89B4-0389F05A491D}.Release|Any CPU.ActiveCfg = Release|Any CPU
		{693F9CBF-2781-4475-89B4-0389F05A491D}.Release|Any CPU.Build.0 = Release|Any CPU
		{99E798A4-3883-44AF-9B26-3AE171EC2AFB}.Debug|Any CPU.ActiveCfg = Debug|Any CPU
		{99E798A4-3883-44AF-9B26-3AE171EC2AFB}.Debug|Any CPU.Build.0 = Debug|Any CPU
		{99E798A4-3883-44AF-9B26-3AE171EC2AFB}.Release|Any CPU.ActiveCfg = Release|Any CPU
		{99E798A4-3883-44AF-9B26-3AE171EC2AFB}.Release|Any CPU.Build.0 = Release|Any CPU
		{B11C230E-3960-4EE6-BBBA-DDEDDD5D9E58}.Debug|Any CPU.ActiveCfg = Debug|Any CPU
		{B11C230E-3960-4EE6-BBBA-DDEDDD5D9E58}.Debug|Any CPU.Build.0 = Debug|Any CPU
		{B11C230E-3960-4EE6-BBBA-DDEDDD5D9E58}.Release|Any CPU.ActiveCfg = Release|Any CPU
		{B11C230E-3960-4EE6-BBBA-DDEDDD5D9E58}.Release|Any CPU.Build.0 = Release|Any CPU
		{30374E9C-5FEB-4D97-A997-CEE11D01398C}.Debug|Any CPU.ActiveCfg = Debug|Any CPU
		{30374E9C-5FEB-4D97-A997-CEE11D01398C}.Debug|Any CPU.Build.0 = Debug|Any CPU
		{30374E9C-5FEB-4D97-A997-CEE11D01398C}.Release|Any CPU.ActiveCfg = Release|Any CPU
		{30374E9C-5FEB-4D97-A997-CEE11D01398C}.Release|Any CPU.Build.0 = Release|Any CPU
		{59271026-9702-4C26-B436-35486296A924}.Debug|Any CPU.ActiveCfg = Debug|Any CPU
		{59271026-9702-4C26-B436-35486296A924}.Debug|Any CPU.Build.0 = Debug|Any CPU
		{59271026-9702-4C26-B436-35486296A924}.Release|Any CPU.ActiveCfg = Release|Any CPU
		{59271026-9702-4C26-B436-35486296A924}.Release|Any CPU.Build.0 = Release|Any CPU
		{6A589700-D362-4CD2-912B-1658ABC631AF}.Debug|Any CPU.ActiveCfg = Debug|Any CPU
		{6A589700-D362-4CD2-912B-1658ABC631AF}.Debug|Any CPU.Build.0 = Debug|Any CPU
		{6A589700-D362-4CD2-912B-1658ABC631AF}.Release|Any CPU.ActiveCfg = Release|Any CPU
		{6A589700-D362-4CD2-912B-1658ABC631AF}.Release|Any CPU.Build.0 = Release|Any CPU
	EndGlobalSection
EndGlobal
