
Microsoft Visual Studio Solution File, Format Version 12.00
# Visual Studio 15
Project("{FAE04EC0-301F-11D3-BF4B-00C04F79EFBC}") = "Demo", "Demo\Demo.csproj", "{6445CE42-17BD-45E7-AACE-E122DE423594}"
EndProject
Project("{FAE04EC0-301F-11D3-BF4B-00C04F79EFBC}") = "01.SingleInheritance", "01.SingleInheritance\01.SingleInheritance.csproj", "{A7E09DA6-F683-4F04-B50E-5B6DAAF3C04A}"
EndProject
Project("{FAE04EC0-301F-11D3-BF4B-00C04F79EFBC}") = "03.Hierarchical_Inheritance", "03.Hierarchical_Inheritance\03.Hierarchical_Inheritance.csproj", "{99100D45-EF27-40EB-B388-042A5B089D06}"
EndProject
Global
	GlobalSection(SolutionConfigurationPlatforms) = preSolution
		Debug|Any CPU = Debug|Any CPU
		Release|Any CPU = Release|Any CPU
	EndGlobalSection
	GlobalSection(ProjectConfigurationPlatforms) = postSolution
		{6445CE42-17BD-45E7-AACE-E122DE423594}.Debug|Any CPU.ActiveCfg = Debug|Any CPU
		{6445CE42-17BD-45E7-AACE-E122DE423594}.Debug|Any CPU.Build.0 = Debug|Any CPU
		{6445CE42-17BD-45E7-AACE-E122DE423594}.Release|Any CPU.ActiveCfg = Release|Any CPU
		{6445CE42-17BD-45E7-AACE-E122DE423594}.Release|Any CPU.Build.0 = Release|Any CPU
		{A7E09DA6-F683-4F04-B50E-5B6DAAF3C04A}.Debug|Any CPU.ActiveCfg = Debug|Any CPU
		{A7E09DA6-F683-4F04-B50E-5B6DAAF3C04A}.Debug|Any CPU.Build.0 = Debug|Any CPU
		{A7E09DA6-F683-4F04-B50E-5B6DAAF3C04A}.Release|Any CPU.ActiveCfg = Release|Any CPU
		{A7E09DA6-F683-4F04-B50E-5B6DAAF3C04A}.Release|Any CPU.Build.0 = Release|Any CPU
		{99100D45-EF27-40EB-B388-042A5B089D06}.Debug|Any CPU.ActiveCfg = Debug|Any CPU
		{99100D45-EF27-40EB-B388-042A5B089D06}.Debug|Any CPU.Build.0 = Debug|Any CPU
		{99100D45-EF27-40EB-B388-042A5B089D06}.Release|Any CPU.ActiveCfg = Release|Any CPU
		{99100D45-EF27-40EB-B388-042A5B089D06}.Release|Any CPU.Build.0 = Release|Any CPU
	EndGlobalSection
EndGlobal
