
Microsoft Visual Studio Solution File, Format Version 12.00
# Visual Studio 15
Project("{FAE04EC0-301F-11D3-BF4B-00C04F79EFBC}") = "01.SingleInheritance", "01.SingleInheritance\01.SingleInheritance.csproj", "{A7E09DA6-F683-4F04-B50E-5B6DAAF3C04A}"
EndProject
Project("{FAE04EC0-301F-11D3-BF4B-00C04F79EFBC}") = "03.Hierarchical_Inheritance", "03.Hierarchical_Inheritance\03.Hierarchical_Inheritance.csproj", "{99100D45-EF27-40EB-B388-042A5B089D06}"
EndProject
Project("{FAE04EC0-301F-11D3-BF4B-00C04F79EFBC}") = "04.RandomList", "04.RandomList\04.RandomList.csproj", "{92B5DE24-C9FF-4829-8E3D-2B8CBC57906C}"
EndProject
Project("{FAE04EC0-301F-11D3-BF4B-00C04F79EFBC}") = "05.Stack_of_Strings", "05.Stack_of_Strings\05.Stack_of_Strings.csproj", "{E136B07E-D093-45CA-8253-3452B1ADE777}"
EndProject
Project("{FAE04EC0-301F-11D3-BF4B-00C04F79EFBC}") = "Person", "Person\Person.csproj", "{5801D8CE-6AD7-476A-972D-0978A00C56DA}"
EndProject
Project("{FAE04EC0-301F-11D3-BF4B-00C04F79EFBC}") = "Zoo", "Zoo\Zoo.csproj", "{430BB9B8-588D-44BE-BE46-481BDE1CF177}"
EndProject
Project("{FAE04EC0-301F-11D3-BF4B-00C04F79EFBC}") = "PlayersAndMonsters", "PlayersAndMonsters\PlayersAndMonsters.csproj", "{1B71407C-055A-4718-9839-160AAA2AE262}"
EndProject
Project("{FAE04EC0-301F-11D3-BF4B-00C04F79EFBC}") = "NeedForSpeed", "NeedForSpeed\NeedForSpeed.csproj", "{EF4C6A07-79BC-4CA7-B887-F7DA4B88F27C}"
EndProject
Project("{FAE04EC0-301F-11D3-BF4B-00C04F79EFBC}") = "Restaurant", "Restaurant\Restaurant.csproj", "{295201BD-DD06-4EFD-AC18-B38AF8D30B0C}"
EndProject
Global
	GlobalSection(SolutionConfigurationPlatforms) = preSolution
		Debug|Any CPU = Debug|Any CPU
		Release|Any CPU = Release|Any CPU
	EndGlobalSection
	GlobalSection(ProjectConfigurationPlatforms) = postSolution
		{A7E09DA6-F683-4F04-B50E-5B6DAAF3C04A}.Debug|Any CPU.ActiveCfg = Debug|Any CPU
		{A7E09DA6-F683-4F04-B50E-5B6DAAF3C04A}.Debug|Any CPU.Build.0 = Debug|Any CPU
		{A7E09DA6-F683-4F04-B50E-5B6DAAF3C04A}.Release|Any CPU.ActiveCfg = Release|Any CPU
		{A7E09DA6-F683-4F04-B50E-5B6DAAF3C04A}.Release|Any CPU.Build.0 = Release|Any CPU
		{99100D45-EF27-40EB-B388-042A5B089D06}.Debug|Any CPU.ActiveCfg = Debug|Any CPU
		{99100D45-EF27-40EB-B388-042A5B089D06}.Debug|Any CPU.Build.0 = Debug|Any CPU
		{99100D45-EF27-40EB-B388-042A5B089D06}.Release|Any CPU.ActiveCfg = Release|Any CPU
		{99100D45-EF27-40EB-B388-042A5B089D06}.Release|Any CPU.Build.0 = Release|Any CPU
		{92B5DE24-C9FF-4829-8E3D-2B8CBC57906C}.Debug|Any CPU.ActiveCfg = Debug|Any CPU
		{92B5DE24-C9FF-4829-8E3D-2B8CBC57906C}.Debug|Any CPU.Build.0 = Debug|Any CPU
		{92B5DE24-C9FF-4829-8E3D-2B8CBC57906C}.Release|Any CPU.ActiveCfg = Release|Any CPU
		{92B5DE24-C9FF-4829-8E3D-2B8CBC57906C}.Release|Any CPU.Build.0 = Release|Any CPU
		{E136B07E-D093-45CA-8253-3452B1ADE777}.Debug|Any CPU.ActiveCfg = Debug|Any CPU
		{E136B07E-D093-45CA-8253-3452B1ADE777}.Debug|Any CPU.Build.0 = Debug|Any CPU
		{E136B07E-D093-45CA-8253-3452B1ADE777}.Release|Any CPU.ActiveCfg = Release|Any CPU
		{E136B07E-D093-45CA-8253-3452B1ADE777}.Release|Any CPU.Build.0 = Release|Any CPU
		{5801D8CE-6AD7-476A-972D-0978A00C56DA}.Debug|Any CPU.ActiveCfg = Debug|Any CPU
		{5801D8CE-6AD7-476A-972D-0978A00C56DA}.Debug|Any CPU.Build.0 = Debug|Any CPU
		{5801D8CE-6AD7-476A-972D-0978A00C56DA}.Release|Any CPU.ActiveCfg = Release|Any CPU
		{5801D8CE-6AD7-476A-972D-0978A00C56DA}.Release|Any CPU.Build.0 = Release|Any CPU
		{430BB9B8-588D-44BE-BE46-481BDE1CF177}.Debug|Any CPU.ActiveCfg = Debug|Any CPU
		{430BB9B8-588D-44BE-BE46-481BDE1CF177}.Debug|Any CPU.Build.0 = Debug|Any CPU
		{430BB9B8-588D-44BE-BE46-481BDE1CF177}.Release|Any CPU.ActiveCfg = Release|Any CPU
		{430BB9B8-588D-44BE-BE46-481BDE1CF177}.Release|Any CPU.Build.0 = Release|Any CPU
		{1B71407C-055A-4718-9839-160AAA2AE262}.Debug|Any CPU.ActiveCfg = Debug|Any CPU
		{1B71407C-055A-4718-9839-160AAA2AE262}.Debug|Any CPU.Build.0 = Debug|Any CPU
		{1B71407C-055A-4718-9839-160AAA2AE262}.Release|Any CPU.ActiveCfg = Release|Any CPU
		{1B71407C-055A-4718-9839-160AAA2AE262}.Release|Any CPU.Build.0 = Release|Any CPU
		{EF4C6A07-79BC-4CA7-B887-F7DA4B88F27C}.Debug|Any CPU.ActiveCfg = Debug|Any CPU
		{EF4C6A07-79BC-4CA7-B887-F7DA4B88F27C}.Debug|Any CPU.Build.0 = Debug|Any CPU
		{EF4C6A07-79BC-4CA7-B887-F7DA4B88F27C}.Release|Any CPU.ActiveCfg = Release|Any CPU
		{EF4C6A07-79BC-4CA7-B887-F7DA4B88F27C}.Release|Any CPU.Build.0 = Release|Any CPU
		{295201BD-DD06-4EFD-AC18-B38AF8D30B0C}.Debug|Any CPU.ActiveCfg = Debug|Any CPU
		{295201BD-DD06-4EFD-AC18-B38AF8D30B0C}.Debug|Any CPU.Build.0 = Debug|Any CPU
		{295201BD-DD06-4EFD-AC18-B38AF8D30B0C}.Release|Any CPU.ActiveCfg = Release|Any CPU
		{295201BD-DD06-4EFD-AC18-B38AF8D30B0C}.Release|Any CPU.Build.0 = Release|Any CPU
	EndGlobalSection
EndGlobal
